{
  "pins" : [
    {
      "identity" : "fluidaudio",
      "kind" : "remoteSourceControl",
      "location" : "https://github.com/FluidInference/FluidAudio.git",
      "state" : {
        "revision" : "b1c82cfbfd303698f330b6a347dbfadf093463e4",
        "version" : "0.15.0"
      }
    }
  ],
  "version" : 2
}
